
Microsoft Visual Studio Solution File, Format Version 12.00
# Visual Studio Version 17
VisualStudioVersion = 17.14.37314.3 d17.14
MinimumVisualStudioVersion = 10.0.40219.1
Project("{FAE04EC0-301F-11D3-BF4B-00C04F79EFBC}") = "Punto 1", "Punto 1\Punto 1.csproj", "{46B76925-C580-4CA8-9E5E-9D6F5E2BBD61}"
EndProject
Project("{FAE04EC0-301F-11D3-BF4B-00C04F79EFBC}") = "Punto 2", "Punto 2\Punto 2.csproj", "{3FFDD713-D841-49E1-A357-FD197CE8A47C}"
EndProject
Project("{FAE04EC0-301F-11D3-BF4B-00C04F79EFBC}") = "Punto 3", "Punto 3\Punto 3.csproj", "{DEAB6161-0373-44EF-BA64-FBCA12EA4F1A}"
EndProject
Project("{FAE04EC0-301F-11D3-BF4B-00C04F79EFBC}") = "Punto 4", "Punto 4\Punto 4.csproj", "{49242332-B4E1-4C3C-8E33-754BBEB8FD20}"
EndProject
Global
	GlobalSection(SolutionConfigurationPlatforms) = preSolution
		Debug|Any CPU = Debug|Any CPU
		Release|Any CPU = Release|Any CPU
	EndGlobalSection
	GlobalSection(ProjectConfigurationPlatforms) = postSolution
		{46B76925-C580-4CA8-9E5E-9D6F5E2BBD61}.Debug|Any CPU.ActiveCfg = Debug|Any CPU
		{46B76925-C580-4CA8-9E5E-9D6F5E2BBD61}.Debug|Any CPU.Build.0 = Debug|Any CPU
		{46B76925-C580-4CA8-9E5E-9D6F5E2BBD61}.Release|Any CPU.ActiveCfg = Release|Any CPU
		{46B76925-C580-4CA8-9E5E-9D6F5E2BBD61}.Release|Any CPU.Build.0 = Release|Any CPU
		{3FFDD713-D841-49E1-A357-FD197CE8A47C}.Debug|Any CPU.ActiveCfg = Debug|Any CPU
		{3FFDD713-D841-49E1-A357-FD197CE8A47C}.Debug|Any CPU.Build.0 = Debug|Any CPU
		{3FFDD713-D841-49E1-A357-FD197CE8A47C}.Release|Any CPU.ActiveCfg = Release|Any CPU
		{3FFDD713-D841-49E1-A357-FD197CE8A47C}.Release|Any CPU.Build.0 = Release|Any CPU
		{DEAB6161-0373-44EF-BA64-FBCA12EA4F1A}.Debug|Any CPU.ActiveCfg = Debug|Any CPU
		{DEAB6161-0373-44EF-BA64-FBCA12EA4F1A}.Debug|Any CPU.Build.0 = Debug|Any CPU
		{DEAB6161-0373-44EF-BA64-FBCA12EA4F1A}.Release|Any CPU.ActiveCfg = Release|Any CPU
		{DEAB6161-0373-44EF-BA64-FBCA12EA4F1A}.Release|Any CPU.Build.0 = Release|Any CPU
		{49242332-B4E1-4C3C-8E33-754BBEB8FD20}.Debug|Any CPU.ActiveCfg = Debug|Any CPU
		{49242332-B4E1-4C3C-8E33-754BBEB8FD20}.Debug|Any CPU.Build.0 = Debug|Any CPU
		{49242332-B4E1-4C3C-8E33-754BBEB8FD20}.Release|Any CPU.ActiveCfg = Release|Any CPU
		{49242332-B4E1-4C3C-8E33-754BBEB8FD20}.Release|Any CPU.Build.0 = Release|Any CPU
	EndGlobalSection
	GlobalSection(SolutionProperties) = preSolution
		HideSolutionNode = FALSE
	EndGlobalSection
	GlobalSection(ExtensibilityGlobals) = postSolution
		SolutionGuid = {E3EBE5F5-E953-4909-B1F7-40C076BBF23E}
	EndGlobalSection
EndGlobal
