<Solution>
  <Project Path="punto 1/punto 1.csproj" Id="e042f321-aa06-4dce-a642-7eacf125a218" />
  <Project Path="Punto 2/Punto 2.csproj" Id="f416600d-54da-43c5-9e04-8c11ffc2683f" />
  <Project Path="Punto 3/Punto 3.csproj" Id="3ec414a6-f1da-4c46-ac52-ab9dc08800d4" />
  <Project Path="Punto 4/Punto 4.csproj" Id="25d67060-6d6a-4a34-82d5-062580e8b499" />
</Solution>
