
Microsoft Visual Studio Solution File, Format Version 12.00
# Visual Studio Version 17
VisualStudioVersion = 17.14.37314.3 d17.14
MinimumVisualStudioVersion = 10.0.40219.1
Project("{FAE04EC0-301F-11D3-BF4B-00C04F79EFBC}") = "Punto1", "Punto1\Punto1.csproj", "{2C1800B9-D4D1-413C-BD12-6BE54CBC59EB}"
EndProject
Project("{FAE04EC0-301F-11D3-BF4B-00C04F79EFBC}") = "Punto 2", "Punto 2\Punto 2.csproj", "{5BDA8CA3-6143-431A-8462-94D448F0CED3}"
EndProject
Project("{FAE04EC0-301F-11D3-BF4B-00C04F79EFBC}") = "Punto 3", "Punto 3\Punto 3.csproj", "{6BAC6CC5-B3A8-4114-AF26-078A4A16DD01}"
EndProject
Global
	GlobalSection(SolutionConfigurationPlatforms) = preSolution
		Debug|Any CPU = Debug|Any CPU
		Release|Any CPU = Release|Any CPU
	EndGlobalSection
	GlobalSection(ProjectConfigurationPlatforms) = postSolution
		{2C1800B9-D4D1-413C-BD12-6BE54CBC59EB}.Debug|Any CPU.ActiveCfg = Debug|Any CPU
		{2C1800B9-D4D1-413C-BD12-6BE54CBC59EB}.Debug|Any CPU.Build.0 = Debug|Any CPU
		{2C1800B9-D4D1-413C-BD12-6BE54CBC59EB}.Release|Any CPU.ActiveCfg = Release|Any CPU
		{2C1800B9-D4D1-413C-BD12-6BE54CBC59EB}.Release|Any CPU.Build.0 = Release|Any CPU
		{5BDA8CA3-6143-431A-8462-94D448F0CED3}.Debug|Any CPU.ActiveCfg = Debug|Any CPU
		{5BDA8CA3-6143-431A-8462-94D448F0CED3}.Debug|Any CPU.Build.0 = Debug|Any CPU
		{5BDA8CA3-6143-431A-8462-94D448F0CED3}.Release|Any CPU.ActiveCfg = Release|Any CPU
		{5BDA8CA3-6143-431A-8462-94D448F0CED3}.Release|Any CPU.Build.0 = Release|Any CPU
		{6BAC6CC5-B3A8-4114-AF26-078A4A16DD01}.Debug|Any CPU.ActiveCfg = Debug|Any CPU
		{6BAC6CC5-B3A8-4114-AF26-078A4A16DD01}.Debug|Any CPU.Build.0 = Debug|Any CPU
		{6BAC6CC5-B3A8-4114-AF26-078A4A16DD01}.Release|Any CPU.ActiveCfg = Release|Any CPU
		{6BAC6CC5-B3A8-4114-AF26-078A4A16DD01}.Release|Any CPU.Build.0 = Release|Any CPU
	EndGlobalSection
	GlobalSection(SolutionProperties) = preSolution
		HideSolutionNode = FALSE
	EndGlobalSection
	GlobalSection(ExtensibilityGlobals) = postSolution
		SolutionGuid = {2A07A0E5-BC2F-442F-AE13-2A0A757796A9}
	EndGlobalSection
EndGlobal
