<Solution>
  <Project Path="Punto 1/Punto 1.csproj" Id="d3aa3ec2-0445-4077-9653-2c2ea0de045c" />
  <Project Path="Punto 2/Punto 2.csproj" Id="1a1a3703-2b81-4ee1-a9ce-a1cbc8390382" />
  <Project Path="Punto 3/Punto 3.csproj" Id="8b5340d0-8f6f-4dc1-acfb-688a3cd145b0" />
  <Project Path="Punto 4/Punto 4.csproj" Id="a78b3aeb-b7c2-4da3-b361-78a91b52e01d" />
</Solution>
