<Solution>
  <Project Path="Punto 1/Punto 1.csproj" Id="cd9b3b65-33cf-42d2-8095-547803d179d7" />
  <Project Path="Punto 2/Punto 2.csproj" Id="d050f268-ff97-46d3-8160-e1d5a64f052d" />
  <Project Path="Punto 3/Punto 3.csproj" Id="499550ee-c43f-4406-8bca-1020427dfcfb" />
  <Project Path="Punto 4/Punto 4.csproj" Id="3e815bb6-add0-44ae-96d1-0e5cce8c56fb" />
</Solution>
