<Solution>
  <Project Path="Punto 1/Punto 1.csproj" Id="59e955df-b93c-4d49-988e-670c85d37314" />
  <Project Path="Punto 2/Punto 2.csproj" Id="65d10546-472a-427e-8a14-c07ff0444ee4" />
  <Project Path="Punto 3/Punto 3.csproj" Id="95443146-ec66-44ac-94a8-07e1e4ce7f4e" />
  <Project Path="Punto 4/Punto 4.csproj" Id="8de7945e-2bf5-4754-b852-d89bd64e659b" />
</Solution>
