
Microsoft Visual Studio Solution File, Format Version 12.00
# Visual Studio Version 17
VisualStudioVersion = 17.14.37314.3 d17.14
MinimumVisualStudioVersion = 10.0.40219.1
Project("{FAE04EC0-301F-11D3-BF4B-00C04F79EFBC}") = "Punto 1", "Punto 1\Punto 1.csproj", "{7733E82C-9175-4C2D-9F47-BDF3906B6A43}"
EndProject
Project("{FAE04EC0-301F-11D3-BF4B-00C04F79EFBC}") = "Punto 2", "Punto 2\Punto 2.csproj", "{6D9D88ED-A51C-466E-B479-8043E34018AD}"
EndProject
Project("{FAE04EC0-301F-11D3-BF4B-00C04F79EFBC}") = "Punto 3", "Punto 3\Punto 3.csproj", "{5C083ABE-598D-401E-A951-98B77C9B5FE7}"
EndProject
Global
	GlobalSection(SolutionConfigurationPlatforms) = preSolution
		Debug|Any CPU = Debug|Any CPU
		Release|Any CPU = Release|Any CPU
	EndGlobalSection
	GlobalSection(ProjectConfigurationPlatforms) = postSolution
		{7733E82C-9175-4C2D-9F47-BDF3906B6A43}.Debug|Any CPU.ActiveCfg = Debug|Any CPU
		{7733E82C-9175-4C2D-9F47-BDF3906B6A43}.Debug|Any CPU.Build.0 = Debug|Any CPU
		{7733E82C-9175-4C2D-9F47-BDF3906B6A43}.Release|Any CPU.ActiveCfg = Release|Any CPU
		{7733E82C-9175-4C2D-9F47-BDF3906B6A43}.Release|Any CPU.Build.0 = Release|Any CPU
		{6D9D88ED-A51C-466E-B479-8043E34018AD}.Debug|Any CPU.ActiveCfg = Debug|Any CPU
		{6D9D88ED-A51C-466E-B479-8043E34018AD}.Debug|Any CPU.Build.0 = Debug|Any CPU
		{6D9D88ED-A51C-466E-B479-8043E34018AD}.Release|Any CPU.ActiveCfg = Release|Any CPU
		{6D9D88ED-A51C-466E-B479-8043E34018AD}.Release|Any CPU.Build.0 = Release|Any CPU
		{5C083ABE-598D-401E-A951-98B77C9B5FE7}.Debug|Any CPU.ActiveCfg = Debug|Any CPU
		{5C083ABE-598D-401E-A951-98B77C9B5FE7}.Debug|Any CPU.Build.0 = Debug|Any CPU
		{5C083ABE-598D-401E-A951-98B77C9B5FE7}.Release|Any CPU.ActiveCfg = Release|Any CPU
		{5C083ABE-598D-401E-A951-98B77C9B5FE7}.Release|Any CPU.Build.0 = Release|Any CPU
	EndGlobalSection
	GlobalSection(SolutionProperties) = preSolution
		HideSolutionNode = FALSE
	EndGlobalSection
	GlobalSection(ExtensibilityGlobals) = postSolution
		SolutionGuid = {ECEE9986-F049-4570-8B53-92E80056BBB6}
	EndGlobalSection
EndGlobal
