
Microsoft Visual Studio Solution File, Format Version 12.00
# Visual Studio Version 18
VisualStudioVersion = 18.6.11822.322 stable
MinimumVisualStudioVersion = 10.0.40219.1
Project("{FAE04EC0-301F-11D3-BF4B-00C04F79EFBC}") = "Punto 1", "Punto 1\Punto 1.csproj", "{DE5DD62B-4493-4F12-8F56-336E69C46714}"
EndProject
Project("{FAE04EC0-301F-11D3-BF4B-00C04F79EFBC}") = "Punto 2", "Punto 2\Punto 2.csproj", "{3414C0F2-E6D5-4835-9DEA-307930099384}"
EndProject
Project("{FAE04EC0-301F-11D3-BF4B-00C04F79EFBC}") = "Punto 3", "Punto 3\Punto 3.csproj", "{0AA6C341-1055-4F75-B21E-D098302AF409}"
EndProject
Project("{FAE04EC0-301F-11D3-BF4B-00C04F79EFBC}") = "Punto 4", "Punto 4\Punto 4.csproj", "{662FC690-3F49-479F-81C8-DD673B3A54A4}"
EndProject
Global
	GlobalSection(SolutionConfigurationPlatforms) = preSolution
		Debug|Any CPU = Debug|Any CPU
		Release|Any CPU = Release|Any CPU
	EndGlobalSection
	GlobalSection(ProjectConfigurationPlatforms) = postSolution
		{DE5DD62B-4493-4F12-8F56-336E69C46714}.Debug|Any CPU.ActiveCfg = Debug|Any CPU
		{DE5DD62B-4493-4F12-8F56-336E69C46714}.Debug|Any CPU.Build.0 = Debug|Any CPU
		{DE5DD62B-4493-4F12-8F56-336E69C46714}.Release|Any CPU.ActiveCfg = Release|Any CPU
		{DE5DD62B-4493-4F12-8F56-336E69C46714}.Release|Any CPU.Build.0 = Release|Any CPU
		{3414C0F2-E6D5-4835-9DEA-307930099384}.Debug|Any CPU.ActiveCfg = Debug|Any CPU
		{3414C0F2-E6D5-4835-9DEA-307930099384}.Debug|Any CPU.Build.0 = Debug|Any CPU
		{3414C0F2-E6D5-4835-9DEA-307930099384}.Release|Any CPU.ActiveCfg = Release|Any CPU
		{3414C0F2-E6D5-4835-9DEA-307930099384}.Release|Any CPU.Build.0 = Release|Any CPU
		{0AA6C341-1055-4F75-B21E-D098302AF409}.Debug|Any CPU.ActiveCfg = Debug|Any CPU
		{0AA6C341-1055-4F75-B21E-D098302AF409}.Debug|Any CPU.Build.0 = Debug|Any CPU
		{0AA6C341-1055-4F75-B21E-D098302AF409}.Release|Any CPU.ActiveCfg = Release|Any CPU
		{0AA6C341-1055-4F75-B21E-D098302AF409}.Release|Any CPU.Build.0 = Release|Any CPU
		{662FC690-3F49-479F-81C8-DD673B3A54A4}.Debug|Any CPU.ActiveCfg = Debug|Any CPU
		{662FC690-3F49-479F-81C8-DD673B3A54A4}.Debug|Any CPU.Build.0 = Debug|Any CPU
		{662FC690-3F49-479F-81C8-DD673B3A54A4}.Release|Any CPU.ActiveCfg = Release|Any CPU
		{662FC690-3F49-479F-81C8-DD673B3A54A4}.Release|Any CPU.Build.0 = Release|Any CPU
	EndGlobalSection
	GlobalSection(SolutionProperties) = preSolution
		HideSolutionNode = FALSE
	EndGlobalSection
	GlobalSection(ExtensibilityGlobals) = postSolution
		SolutionGuid = {2FA84940-5C3B-4D38-BC0A-5D16D363D887}
	EndGlobalSection
EndGlobal
